
Microsoft Visual Studio Solution File, Format Version 12.00
# Visual Studio Version 16
VisualStudioVersion = 16.0.32228.343
MinimumVisualStudioVersion = 10.0.40219.1
Project("{FAE04EC0-301F-11D3-BF4B-00C04F79EFBC}") = "SelfCheckout", "SelfCheckout.csproj", "{D8B01B5A-10C8-4F00-9CD2-51425ED1CFB3}"
EndProject
Global
	GlobalSection(SolutionConfigurationPlatforms) = preSolution
		Debug|Any CPU = Debug|Any CPU
		Release|Any CPU = Release|Any CPU
	EndGlobalSection
	GlobalSection(ProjectConfigurationPlatforms) = postSolution
		{D8B01B5A-10C8-4F00-9CD2-51425ED1CFB3}.Debug|Any CPU.ActiveCfg = Debug|Any CPU
		{D8B01B5A-10C8-4F00-9CD2-51425ED1CFB3}.Debug|Any CPU.Build.0 = Debug|Any CPU
		{D8B01B5A-10C8-4F00-9CD2-51425ED1CFB3}.Release|Any CPU.ActiveCfg = Release|Any CPU
		{D8B01B5A-10C8-4F00-9CD2-51425ED1CFB3}.Release|Any CPU.Build.0 = Release|Any CPU
	EndGlobalSection
	GlobalSection(SolutionProperties) = preSolution
		HideSolutionNode = FALSE
	EndGlobalSection
	GlobalSection(ExtensibilityGlobals) = postSolution
		SolutionGuid = {CEE2AD3A-E0FE-4078-B380-C2FFA18517B5}
	EndGlobalSection
EndGlobal
